
Microsoft Visual Studio Solution File, Format Version 12.00
# Visual Studio 15
VisualStudioVersion = 15.0.27004.2005
MinimumVisualStudioVersion = 10.0.40219.1
Project("{FAE04EC0-301F-11D3-BF4B-00C04F79EFBC}") = "CannyDemonstrator", "CannyDemonstrator\CannyDemonstrator.csproj", "{DCEA3549-806F-4564-99B9-82641529FBF5}"
EndProject
Project("{FAE04EC0-301F-11D3-BF4B-00C04F79EFBC}") = "DetectorTest", "DetectorTest\DetectorTest.csproj", "{F642F715-8CB0-48A7-A44F-3F59F1805F25}"
EndProject
Global
	GlobalSection(SolutionConfigurationPlatforms) = preSolution
		Debug|Any CPU = Debug|Any CPU
		Release|Any CPU = Release|Any CPU
	EndGlobalSection
	GlobalSection(ProjectConfigurationPlatforms) = postSolution
		{DCEA3549-806F-4564-99B9-82641529FBF5}.Debug|Any CPU.ActiveCfg = Debug|Any CPU
		{DCEA3549-806F-4564-99B9-82641529FBF5}.Debug|Any CPU.Build.0 = Debug|Any CPU
		{DCEA3549-806F-4564-99B9-82641529FBF5}.Release|Any CPU.ActiveCfg = Release|Any CPU
		{DCEA3549-806F-4564-99B9-82641529FBF5}.Release|Any CPU.Build.0 = Release|Any CPU
		{F642F715-8CB0-48A7-A44F-3F59F1805F25}.Debug|Any CPU.ActiveCfg = Debug|Any CPU
		{F642F715-8CB0-48A7-A44F-3F59F1805F25}.Debug|Any CPU.Build.0 = Debug|Any CPU
		{F642F715-8CB0-48A7-A44F-3F59F1805F25}.Release|Any CPU.ActiveCfg = Release|Any CPU
		{F642F715-8CB0-48A7-A44F-3F59F1805F25}.Release|Any CPU.Build.0 = Release|Any CPU
	EndGlobalSection
	GlobalSection(SolutionProperties) = preSolution
		HideSolutionNode = FALSE
	EndGlobalSection
	GlobalSection(ExtensibilityGlobals) = postSolution
		SolutionGuid = {BEE47669-01C2-4A48-B153-9625D45452E6}
	EndGlobalSection
EndGlobal
